
Microsoft Visual Studio Solution File, Format Version 12.00
# Visual Studio Version 17
VisualStudioVersion = 17.3.32819.101
MinimumVisualStudioVersion = 10.0.40219.1
Project("{FAE04EC0-301F-11D3-BF4B-00C04F79EFBC}") = "hesap makinesi form ile", "hesap makinesi form ile\hesap makinesi form ile.csproj", "{B3819685-C5DA-4F25-8C37-BEBF038ED3F4}"
EndProject
Global
	GlobalSection(SolutionConfigurationPlatforms) = preSolution
		Debug|Any CPU = Debug|Any CPU
		Release|Any CPU = Release|Any CPU
	EndGlobalSection
	GlobalSection(ProjectConfigurationPlatforms) = postSolution
		{B3819685-C5DA-4F25-8C37-BEBF038ED3F4}.Debug|Any CPU.ActiveCfg = Debug|Any CPU
		{B3819685-C5DA-4F25-8C37-BEBF038ED3F4}.Debug|Any CPU.Build.0 = Debug|Any CPU
		{B3819685-C5DA-4F25-8C37-BEBF038ED3F4}.Release|Any CPU.ActiveCfg = Release|Any CPU
		{B3819685-C5DA-4F25-8C37-BEBF038ED3F4}.Release|Any CPU.Build.0 = Release|Any CPU
	EndGlobalSection
	GlobalSection(SolutionProperties) = preSolution
		HideSolutionNode = FALSE
	EndGlobalSection
	GlobalSection(ExtensibilityGlobals) = postSolution
		SolutionGuid = {557DED77-9BC2-495A-A6A8-EE6D59CA12CA}
	EndGlobalSection
EndGlobal
